github.com/kimsae0/go-study/interface/school v0.0.0-20221108103232-4b7510bd2cc5 h1:ZLcWZ+kIi/DO0yePUK3731uqxAeoSpEJvyP+Slgfd1Y=
github.com/kimsae0/go-study/interface/school v0.0.0-20221108103232-4b7510bd2cc5/go.mod h1:m4edro0sRC9NHtxTfJUtkePKu5aDwBSAPvvuCGCZ6bs=
github.com/kimsae0/go-study/interface/work v0.0.0-20221108103232-4b7510bd2cc5 h1:i7sTHZjTQxn2n+7yC+nGNdy5Tf663LwDz0IwZ7VA184=
github.com/kimsae0/go-study/interface/work v0.0.0-20221108103232-4b7510bd2cc5/go.mod h1:emXvYLBf9jwU3uuZHy0HQVl16e8BLKqK7i3xBXiatKM=
